
Microsoft Visual Studio Solution File, Format Version 11.00
# Visual Studio 2010
Project("{FAE04EC0-301F-11D3-BF4B-00C04F79EFBC}") = "Assembly-CSharp", "Assembly-CSharp.csproj", "{63CB6F5E-5EDF-8C55-22E9-2019734824B0}"
EndProject
Project("{FAE04EC0-301F-11D3-BF4B-00C04F79EFBC}") = "Assembly-CSharp-firstpass", "Assembly-CSharp-firstpass.csproj", "{79C3C902-2782-F7FE-95AC-4D3466F0C8CE}"
EndProject
Project("{FAE04EC0-301F-11D3-BF4B-00C04F79EFBC}") = "Assembly-CSharp-Editor-firstpass", "Assembly-CSharp-Editor-firstpass.csproj", "{83D99C2B-A31F-B98A-2782-BB4680360AD7}"
EndProject
Project("{FAE04EC0-301F-11D3-BF4B-00C04F79EFBC}") = "Assembly-CSharp-Editor", "Assembly-CSharp-Editor.csproj", "{8FD9F425-1B93-5DA4-68BF-7224FD9C10C7}"
EndProject
Global
	GlobalSection(SolutionConfigurationPlatforms) = preSolution
		Debug|Any CPU = Debug|Any CPU
		Release|Any CPU = Release|Any CPU
	EndGlobalSection
	GlobalSection(ProjectConfigurationPlatforms) = postSolution
		{63CB6F5E-5EDF-8C55-22E9-2019734824B0}.Debug|Any CPU.ActiveCfg = Debug|Any CPU
		{63CB6F5E-5EDF-8C55-22E9-2019734824B0}.Debug|Any CPU.Build.0 = Debug|Any CPU
		{63CB6F5E-5EDF-8C55-22E9-2019734824B0}.Release|Any CPU.ActiveCfg = Release|Any CPU
		{63CB6F5E-5EDF-8C55-22E9-2019734824B0}.Release|Any CPU.Build.0 = Release|Any CPU
		{79C3C902-2782-F7FE-95AC-4D3466F0C8CE}.Debug|Any CPU.ActiveCfg = Debug|Any CPU
		{79C3C902-2782-F7FE-95AC-4D3466F0C8CE}.Debug|Any CPU.Build.0 = Debug|Any CPU
		{79C3C902-2782-F7FE-95AC-4D3466F0C8CE}.Release|Any CPU.ActiveCfg = Release|Any CPU
		{79C3C902-2782-F7FE-95AC-4D3466F0C8CE}.Release|Any CPU.Build.0 = Release|Any CPU
		{83D99C2B-A31F-B98A-2782-BB4680360AD7}.Debug|Any CPU.ActiveCfg = Debug|Any CPU
		{83D99C2B-A31F-B98A-2782-BB4680360AD7}.Debug|Any CPU.Build.0 = Debug|Any CPU
		{83D99C2B-A31F-B98A-2782-BB4680360AD7}.Release|Any CPU.ActiveCfg = Release|Any CPU
		{83D99C2B-A31F-B98A-2782-BB4680360AD7}.Release|Any CPU.Build.0 = Release|Any CPU
		{8FD9F425-1B93-5DA4-68BF-7224FD9C10C7}.Debug|Any CPU.ActiveCfg = Debug|Any CPU
		{8FD9F425-1B93-5DA4-68BF-7224FD9C10C7}.Debug|Any CPU.Build.0 = Debug|Any CPU
		{8FD9F425-1B93-5DA4-68BF-7224FD9C10C7}.Release|Any CPU.ActiveCfg = Release|Any CPU
		{8FD9F425-1B93-5DA4-68BF-7224FD9C10C7}.Release|Any CPU.Build.0 = Release|Any CPU
	EndGlobalSection
	GlobalSection(SolutionProperties) = preSolution
		HideSolutionNode = FALSE
	EndGlobalSection
	GlobalSection(MonoDevelopProperties) = preSolution
		StartupItem = Assembly-CSharp.csproj
	EndGlobalSection
EndGlobal
